// !$*UTF8*$!
{
	archiveVersion = 1;
	classes = {
	};
	objectVersion = 77;
	objects = {

/* Begin PBXBuildFile section */
		3501CBCD2D2ECED8004753E5 /* SettingsViewController.swift in Sources */ = {isa = PBXBuildFile; fileRef = 3501CBCC2D2ECED8004753E5 /* SettingsViewController.swift */; };
		352C09CF2D384EF600F91D7D /* Lottie in Frameworks */ = {isa = PBXBuildFile; productRef = 352C09CE2D384EF600F91D7D /* Lottie */; };
		352C09D12D384FD700F91D7D /* LaunchScreenAnimationController.swift in Sources */ = {isa = PBXBuildFile; fileRef = 352C09D02D384FD700F91D7D /* LaunchScreenAnimationController.swift */; };
		352C09D72D38550100F91D7D /* rocketAnimation2.json in Resources */ = {isa = PBXBuildFile; fileRef = 352C09D62D38550100F91D7D /* rocketAnimation2.json */; };
		35B7DD9B2D221FC400768A0B /* fromServerRequestLaunches.json in Resources */ = {isa = PBXBuildFile; fileRef = 35B7DD862D221FC400768A0B /* fromServerRequestLaunches.json */; };
		35B7DD9C2D221FC400768A0B /* fromServerRequestShips.json in Resources */ = {isa = PBXBuildFile; fileRef = 35B7DD872D221FC400768A0B /* fromServerRequestShips.json */; };
		35B7DD9D2D221FC400768A0B /* Assets.xcassets in Resources */ = {isa = PBXBuildFile; fileRef = 35B7DD8C2D221FC400768A0B /* Assets.xcassets */; };
		35B7DD9E2D221FC400768A0B /* TimesNewRoman.ttf in Resources */ = {isa = PBXBuildFile; fileRef = 35B7DD8D2D221FC400768A0B /* TimesNewRoman.ttf */; };
		35B7DD9F2D221FC400768A0B /* LaunchScreen.storyboard in Resources */ = {isa = PBXBuildFile; fileRef = 35B7DD962D221FC400768A0B /* LaunchScreen.storyboard */; };
		35B7DDA12D221FC400768A0B /* ParametersCollectionViewCell.swift in Sources */ = {isa = PBXBuildFile; fileRef = 35B7DD782D221FC400768A0B /* ParametersCollectionViewCell.swift */; };
		35B7DDA32D221FC400768A0B /* ParametersTableView.swift in Sources */ = {isa = PBXBuildFile; fileRef = 35B7DD7C2D221FC400768A0B /* ParametersTableView.swift */; };
		35B7DDA42D221FC400768A0B /* ParametersTableViewCell.swift in Sources */ = {isa = PBXBuildFile; fileRef = 35B7DD7D2D221FC400768A0B /* ParametersTableViewCell.swift */; };
		35B7DDA52D221FC400768A0B /* ParametersTableViewHeaderFooter.swift in Sources */ = {isa = PBXBuildFile; fileRef = 35B7DD7E2D221FC400768A0B /* ParametersTableViewHeaderFooter.swift */; };
		35B7DDA62D221FC400768A0B /* dataLaunches.swift in Sources */ = {isa = PBXBuildFile; fileRef = 35B7DD822D221FC400768A0B /* dataLaunches.swift */; };
		35B7DDA72D221FC400768A0B /* dataRockets.swift in Sources */ = {isa = PBXBuildFile; fileRef = 35B7DD832D221FC400768A0B /* dataRockets.swift */; };
		35B7DDA82D221FC400768A0B /* AppDelegate.swift in Sources */ = {isa = PBXBuildFile; fileRef = 35B7DD892D221FC400768A0B /* AppDelegate.swift */; };
		35B7DDA92D221FC400768A0B /* SceneDelegate.swift in Sources */ = {isa = PBXBuildFile; fileRef = 35B7DD8A2D221FC400768A0B /* SceneDelegate.swift */; };
		35B7DDAA2D221FC400768A0B /* LaunchesViewController.swift in Sources */ = {isa = PBXBuildFile; fileRef = 35B7DD8F2D221FC400768A0B /* LaunchesViewController.swift */; };
		35B7DDAB2D221FC400768A0B /* PagesViewController.swift in Sources */ = {isa = PBXBuildFile; fileRef = 35B7DD912D221FC400768A0B /* PagesViewController.swift */; };
		35B7DDAC2D221FC400768A0B /* RocketScreen.swift in Sources */ = {isa = PBXBuildFile; fileRef = 35B7DD922D221FC400768A0B /* RocketScreen.swift */; };
		35B7DDB12D22251B00768A0B /* LaunchCollectionViewCell.swift in Sources */ = {isa = PBXBuildFile; fileRef = 35B7DDB02D22251B00768A0B /* LaunchCollectionViewCell.swift */; };
/* End PBXBuildFile section */

/* Begin PBXFileReference section */
		3501CBCC2D2ECED8004753E5 /* SettingsViewController.swift */ = {isa = PBXFileReference; lastKnownFileType = sourcecode.swift; path = SettingsViewController.swift; sourceTree = "<group>"; };
		352AD4BD2CE9D0210084D150 /* SpaceXProj.app */ = {isa = PBXFileReference; explicitFileType = wrapper.application; includeInIndex = 0; path = SpaceXProj.app; sourceTree = BUILT_PRODUCTS_DIR; };
		352C09D02D384FD700F91D7D /* LaunchScreenAnimationController.swift */ = {isa = PBXFileReference; lastKnownFileType = sourcecode.swift; path = LaunchScreenAnimationController.swift; sourceTree = "<group>"; };
		352C09D62D38550100F91D7D /* rocketAnimation2.json */ = {isa = PBXFileReference; lastKnownFileType = text.json; path = rocketAnimation2.json; sourceTree = "<group>"; };
		35B7DD782D221FC400768A0B /* ParametersCollectionViewCell.swift */ = {isa = PBXFileReference; lastKnownFileType = sourcecode.swift; path = ParametersCollectionViewCell.swift; sourceTree = "<group>"; };
		35B7DD7C2D221FC400768A0B /* ParametersTableView.swift */ = {isa = PBXFileReference; lastKnownFileType = sourcecode.swift; path = ParametersTableView.swift; sourceTree = "<group>"; };
		35B7DD7D2D221FC400768A0B /* ParametersTableViewCell.swift */ = {isa = PBXFileReference; lastKnownFileType = sourcecode.swift; path = ParametersTableViewCell.swift; sourceTree = "<group>"; };
		35B7DD7E2D221FC400768A0B /* ParametersTableViewHeaderFooter.swift */ = {isa = PBXFileReference; lastKnownFileType = sourcecode.swift; path = ParametersTableViewHeaderFooter.swift; sourceTree = "<group>"; };
		35B7DD822D221FC400768A0B /* dataLaunches.swift */ = {isa = PBXFileReference; lastKnownFileType = sourcecode.swift; path = dataLaunches.swift; sourceTree = "<group>"; };
		35B7DD832D221FC400768A0B /* dataRockets.swift */ = {isa = PBXFileReference; lastKnownFileType = sourcecode.swift; path = dataRockets.swift; sourceTree = "<group>"; };
		35B7DD862D221FC400768A0B /* fromServerRequestLaunches.json */ = {isa = PBXFileReference; lastKnownFileType = text.json; path = fromServerRequestLaunches.json; sourceTree = "<group>"; };
		35B7DD872D221FC400768A0B /* fromServerRequestShips.json */ = {isa = PBXFileReference; lastKnownFileType = text.json; path = fromServerRequestShips.json; sourceTree = "<group>"; };
		35B7DD892D221FC400768A0B /* AppDelegate.swift */ = {isa = PBXFileReference; lastKnownFileType = sourcecode.swift; path = AppDelegate.swift; sourceTree = "<group>"; };
		35B7DD8A2D221FC400768A0B /* SceneDelegate.swift */ = {isa = PBXFileReference; lastKnownFileType = sourcecode.swift; path = SceneDelegate.swift; sourceTree = "<group>"; };
		35B7DD8C2D221FC400768A0B /* Assets.xcassets */ = {isa = PBXFileReference; lastKnownFileType = folder.assetcatalog; path = Assets.xcassets; sourceTree = "<group>"; };
		35B7DD8D2D221FC400768A0B /* TimesNewRoman.ttf */ = {isa = PBXFileReference; lastKnownFileType = file; path = TimesNewRoman.ttf; sourceTree = "<group>"; };
		35B7DD8F2D221FC400768A0B /* LaunchesViewController.swift */ = {isa = PBXFileReference; lastKnownFileType = sourcecode.swift; path = LaunchesViewController.swift; sourceTree = "<group>"; };
		35B7DD912D221FC400768A0B /* PagesViewController.swift */ = {isa = PBXFileReference; lastKnownFileType = sourcecode.swift; path = PagesViewController.swift; sourceTree = "<group>"; };
		35B7DD922D221FC400768A0B /* RocketScreen.swift */ = {isa = PBXFileReference; lastKnownFileType = sourcecode.swift; path = RocketScreen.swift; sourceTree = "<group>"; };
		35B7DD952D221FC400768A0B /* Base */ = {isa = PBXFileReference; lastKnownFileType = file.storyboard; name = Base; path = Base.lproj/LaunchScreen.storyboard; sourceTree = "<group>"; };
		35B7DD992D221FC400768A0B /* Info.plist */ = {isa = PBXFileReference; lastKnownFileType = text.plist.xml; path = Info.plist; sourceTree = "<group>"; };
		35B7DDB02D22251B00768A0B /* LaunchCollectionViewCell.swift */ = {isa = PBXFileReference; lastKnownFileType = sourcecode.swift; path = LaunchCollectionViewCell.swift; sourceTree = "<group>"; };
/* End PBXFileReference section */

/* Begin PBXFrameworksBuildPhase section */
		352AD4BA2CE9D0210084D150 /* Frameworks */ = {
			isa = PBXFrameworksBuildPhase;
			buildActionMask = 2147483647;
			files = (
				352C09CF2D384EF600F91D7D /* Lottie in Frameworks */,
			);
			runOnlyForDeploymentPostprocessing = 0;
		};
/* End PBXFrameworksBuildPhase section */

/* Begin PBXGroup section */
		352AD4B42CE9D0210084D150 = {
			isa = PBXGroup;
			children = (
				35B7DD9A2D221FC400768A0B /* SpaceXProj */,
				352AD4BE2CE9D0210084D150 /* Products */,
			);
			sourceTree = "<group>";
		};
		352AD4BE2CE9D0210084D150 /* Products */ = {
			isa = PBXGroup;
			children = (
				352AD4BD2CE9D0210084D150 /* SpaceXProj.app */,
			);
			name = Products;
			sourceTree = "<group>";
		};
		35B7DD792D221FC400768A0B /* CustomCollectionViews */ = {
			isa = PBXGroup;
			children = (
				35B7DDB02D22251B00768A0B /* LaunchCollectionViewCell.swift */,
				35B7DD782D221FC400768A0B /* ParametersCollectionViewCell.swift */,
			);
			path = CustomCollectionViews;
			sourceTree = "<group>";
		};
		35B7DD7F2D221FC400768A0B /* ParametersTableViews */ = {
			isa = PBXGroup;
			children = (
				35B7DD7C2D221FC400768A0B /* ParametersTableView.swift */,
				35B7DD7D2D221FC400768A0B /* ParametersTableViewCell.swift */,
				35B7DD7E2D221FC400768A0B /* ParametersTableViewHeaderFooter.swift */,
			);
			path = ParametersTableViews;
			sourceTree = "<group>";
		};
		35B7DD802D221FC400768A0B /* CustomTableViews */ = {
			isa = PBXGroup;
			children = (
				35B7DD7F2D221FC400768A0B /* ParametersTableViews */,
			);
			path = CustomTableViews;
			sourceTree = "<group>";
		};
		35B7DD812D221FC400768A0B /* CustomViews */ = {
			isa = PBXGroup;
			children = (
				35B7DD792D221FC400768A0B /* CustomCollectionViews */,
				35B7DD802D221FC400768A0B /* CustomTableViews */,
			);
			path = CustomViews;
			sourceTree = "<group>";
		};
		35B7DD842D221FC400768A0B /* DataModels */ = {
			isa = PBXGroup;
			children = (
				35B7DD822D221FC400768A0B /* dataLaunches.swift */,
				35B7DD832D221FC400768A0B /* dataRockets.swift */,
			);
			path = DataModels;
			sourceTree = "<group>";
		};
		35B7DD852D221FC400768A0B /* Components */ = {
			isa = PBXGroup;
			children = (
				35B7DD812D221FC400768A0B /* CustomViews */,
				35B7DD842D221FC400768A0B /* DataModels */,
			);
			path = Components;
			sourceTree = "<group>";
		};
		35B7DD882D221FC400768A0B /* JSON */ = {
			isa = PBXGroup;
			children = (
				35B7DD862D221FC400768A0B /* fromServerRequestLaunches.json */,
				35B7DD872D221FC400768A0B /* fromServerRequestShips.json */,
				352C09D62D38550100F91D7D /* rocketAnimation2.json */,
			);
			path = JSON;
			sourceTree = "<group>";
		};
		35B7DD8B2D221FC400768A0B /* LifeCycle */ = {
			isa = PBXGroup;
			children = (
				35B7DD892D221FC400768A0B /* AppDelegate.swift */,
				35B7DD8A2D221FC400768A0B /* SceneDelegate.swift */,
			);
			path = LifeCycle;
			sourceTree = "<group>";
		};
		35B7DD8E2D221FC400768A0B /* Other */ = {
			isa = PBXGroup;
			children = (
				35B7DD8C2D221FC400768A0B /* Assets.xcassets */,
				35B7DD8D2D221FC400768A0B /* TimesNewRoman.ttf */,
			);
			path = Other;
			sourceTree = "<group>";
		};
		35B7DD902D221FC400768A0B /* Launches */ = {
			isa = PBXGroup;
			children = (
				35B7DD8F2D221FC400768A0B /* LaunchesViewController.swift */,
			);
			path = Launches;
			sourceTree = "<group>";
		};
		35B7DD932D221FC400768A0B /* RocketsScroll */ = {
			isa = PBXGroup;
			children = (
				35B7DD912D221FC400768A0B /* PagesViewController.swift */,
				35B7DD922D221FC400768A0B /* RocketScreen.swift */,
			);
			path = RocketsScroll;
			sourceTree = "<group>";
		};
		35B7DD942D221FC400768A0B /* Settings */ = {
			isa = PBXGroup;
			children = (
				3501CBCC2D2ECED8004753E5 /* SettingsViewController.swift */,
			);
			path = Settings;
			sourceTree = "<group>";
		};
		35B7DD972D221FC400768A0B /* StartScreen */ = {
			isa = PBXGroup;
			children = (
				35B7DD962D221FC400768A0B /* LaunchScreen.storyboard */,
				352C09D02D384FD700F91D7D /* LaunchScreenAnimationController.swift */,
			);
			path = StartScreen;
			sourceTree = "<group>";
		};
		35B7DD982D221FC400768A0B /* Scenes */ = {
			isa = PBXGroup;
			children = (
				35B7DD972D221FC400768A0B /* StartScreen */,
				35B7DD932D221FC400768A0B /* RocketsScroll */,
				35B7DD902D221FC400768A0B /* Launches */,
				35B7DD942D221FC400768A0B /* Settings */,
			);
			path = Scenes;
			sourceTree = "<group>";
		};
		35B7DD9A2D221FC400768A0B /* SpaceXProj */ = {
			isa = PBXGroup;
			children = (
				35B7DD852D221FC400768A0B /* Components */,
				35B7DD882D221FC400768A0B /* JSON */,
				35B7DD8B2D221FC400768A0B /* LifeCycle */,
				35B7DD8E2D221FC400768A0B /* Other */,
				35B7DD982D221FC400768A0B /* Scenes */,
				35B7DD992D221FC400768A0B /* Info.plist */,
			);
			path = SpaceXProj;
			sourceTree = "<group>";
		};
/* End PBXGroup section */

/* Begin PBXNativeTarget section */
		352AD4BC2CE9D0210084D150 /* SpaceXProj */ = {
			isa = PBXNativeTarget;
			buildConfigurationList = 352AD4D02CE9D0240084D150 /* Build configuration list for PBXNativeTarget "SpaceXProj" */;
			buildPhases = (
				352AD4B92CE9D0210084D150 /* Sources */,
				352AD4BA2CE9D0210084D150 /* Frameworks */,
				352AD4BB2CE9D0210084D150 /* Resources */,
			);
			buildRules = (
			);
			dependencies = (
			);
			name = SpaceXProj;
			packageProductDependencies = (
				352C09CE2D384EF600F91D7D /* Lottie */,
			);
			productName = SpaceXProj;
			productReference = 352AD4BD2CE9D0210084D150 /* SpaceXProj.app */;
			productType = "com.apple.product-type.application";
		};
/* End PBXNativeTarget section */

/* Begin PBXProject section */
		352AD4B52CE9D0210084D150 /* Project object */ = {
			isa = PBXProject;
			attributes = {
				BuildIndependentTargetsInParallel = 1;
				LastSwiftUpdateCheck = 1600;
				LastUpgradeCheck = 1600;
				TargetAttributes = {
					352AD4BC2CE9D0210084D150 = {
						CreatedOnToolsVersion = 16.0;
					};
				};
			};
			buildConfigurationList = 352AD4B82CE9D0210084D150 /* Build configuration list for PBXProject "SpaceXProj" */;
			developmentRegion = en;
			hasScannedForEncodings = 0;
			knownRegions = (
				en,
				Base,
			);
			mainGroup = 352AD4B42CE9D0210084D150;
			minimizedProjectReferenceProxies = 1;
			packageReferences = (
				352C09CD2D384EF600F91D7D /* XCRemoteSwiftPackageReference "lottie-spm" */,
			);
			preferredProjectObjectVersion = 77;
			productRefGroup = 352AD4BE2CE9D0210084D150 /* Products */;
			projectDirPath = "";
			projectRoot = "";
			targets = (
				352AD4BC2CE9D0210084D150 /* SpaceXProj */,
			);
		};
/* End PBXProject section */

/* Begin PBXResourcesBuildPhase section */
		352AD4BB2CE9D0210084D150 /* Resources */ = {
			isa = PBXResourcesBuildPhase;
			buildActionMask = 2147483647;
			files = (
				35B7DD9B2D221FC400768A0B /* fromServerRequestLaunches.json in Resources */,
				35B7DD9C2D221FC400768A0B /* fromServerRequestShips.json in Resources */,
				35B7DD9D2D221FC400768A0B /* Assets.xcassets in Resources */,
				35B7DD9E2D221FC400768A0B /* TimesNewRoman.ttf in Resources */,
				35B7DD9F2D221FC400768A0B /* LaunchScreen.storyboard in Resources */,
				352C09D72D38550100F91D7D /* rocketAnimation2.json in Resources */,
			);
			runOnlyForDeploymentPostprocessing = 0;
		};
/* End PBXResourcesBuildPhase section */

/* Begin PBXSourcesBuildPhase section */
		352AD4B92CE9D0210084D150 /* Sources */ = {
			isa = PBXSourcesBuildPhase;
			buildActionMask = 2147483647;
			files = (
				35B7DDA12D221FC400768A0B /* ParametersCollectionViewCell.swift in Sources */,
				35B7DDA32D221FC400768A0B /* ParametersTableView.swift in Sources */,
				35B7DDA42D221FC400768A0B /* ParametersTableViewCell.swift in Sources */,
				35B7DDA52D221FC400768A0B /* ParametersTableViewHeaderFooter.swift in Sources */,
				35B7DDA62D221FC400768A0B /* dataLaunches.swift in Sources */,
				35B7DDA72D221FC400768A0B /* dataRockets.swift in Sources */,
				35B7DDA82D221FC400768A0B /* AppDelegate.swift in Sources */,
				35B7DDB12D22251B00768A0B /* LaunchCollectionViewCell.swift in Sources */,
				35B7DDA92D221FC400768A0B /* SceneDelegate.swift in Sources */,
				352C09D12D384FD700F91D7D /* LaunchScreenAnimationController.swift in Sources */,
				35B7DDAA2D221FC400768A0B /* LaunchesViewController.swift in Sources */,
				3501CBCD2D2ECED8004753E5 /* SettingsViewController.swift in Sources */,
				35B7DDAB2D221FC400768A0B /* PagesViewController.swift in Sources */,
				35B7DDAC2D221FC400768A0B /* RocketScreen.swift in Sources */,
			);
			runOnlyForDeploymentPostprocessing = 0;
		};
/* End PBXSourcesBuildPhase section */

/* Begin PBXVariantGroup section */
		35B7DD962D221FC400768A0B /* LaunchScreen.storyboard */ = {
			isa = PBXVariantGroup;
			children = (
				35B7DD952D221FC400768A0B /* Base */,
			);
			name = LaunchScreen.storyboard;
			sourceTree = "<group>";
		};
/* End PBXVariantGroup section */

/* Begin XCBuildConfiguration section */
		352AD4D12CE9D0240084D150 /* Debug */ = {
			isa = XCBuildConfiguration;
			buildSettings = {
				ASSETCATALOG_COMPILER_APPICON_NAME = AppIcon;
				ASSETCATALOG_COMPILER_GLOBAL_ACCENT_COLOR_NAME = AccentColor;
				CODE_SIGN_STYLE = Automatic;
				CURRENT_PROJECT_VERSION = 1;
				DEVELOPMENT_TEAM = 77F67STQ66;
				GENERATE_INFOPLIST_FILE = YES;
				INFOPLIST_FILE = SpaceXProj/Info.plist;
				INFOPLIST_KEY_UIApplicationSupportsIndirectInputEvents = YES;
				INFOPLIST_KEY_UILaunchStoryboardName = LaunchScreen;
				INFOPLIST_KEY_UISupportedInterfaceOrientations_iPad = "UIInterfaceOrientationPortrait UIInterfaceOrientationPortraitUpsideDown UIInterfaceOrientationLandscapeLeft UIInterfaceOrientationLandscapeRight";
				INFOPLIST_KEY_UISupportedInterfaceOrientations_iPhone = "UIInterfaceOrientationPortrait UIInterfaceOrientationLandscapeLeft UIInterfaceOrientationLandscapeRight";
				IPHONEOS_DEPLOYMENT_TARGET = 15.6;
				LD_RUNPATH_SEARCH_PATHS = (
					"$(inherited)",
					"@executable_path/Frameworks",
				);
				MARKETING_VERSION = 1.0;
				PRODUCT_BUNDLE_IDENTIFIER = maxpnz.SpaceXProj;
				PRODUCT_NAME = "$(TARGET_NAME)";
				SUPPORTED_PLATFORMS = "iphoneos iphonesimulator";
				SUPPORTS_MACCATALYST = NO;
				SUPPORTS_MAC_DESIGNED_FOR_IPHONE_IPAD = NO;
				SUPPORTS_XR_DESIGNED_FOR_IPHONE_IPAD = NO;
				SWIFT_EMIT_LOC_STRINGS = YES;
				SWIFT_VERSION = 5.0;
				TARGETED_DEVICE_FAMILY = 1;
			};
			name = Debug;
		};
		352AD4D22CE9D0240084D150 /* Release */ = {
			isa = XCBuildConfiguration;
			buildSettings = {
				ASSETCATALOG_COMPILER_APPICON_NAME = AppIcon;
				ASSETCATALOG_COMPILER_GLOBAL_ACCENT_COLOR_NAME = AccentColor;
				CODE_SIGN_STYLE = Automatic;
				CURRENT_PROJECT_VERSION = 1;
				DEVELOPMENT_TEAM = 77F67STQ66;
				GENERATE_INFOPLIST_FILE = YES;
				INFOPLIST_FILE = SpaceXProj/Info.plist;
				INFOPLIST_KEY_UIApplicationSupportsIndirectInputEvents = YES;
				INFOPLIST_KEY_UILaunchStoryboardName = LaunchScreen;
				INFOPLIST_KEY_UISupportedInterfaceOrientations_iPad = "UIInterfaceOrientationPortrait UIInterfaceOrientationPortraitUpsideDown UIInterfaceOrientationLandscapeLeft UIInterfaceOrientationLandscapeRight";
				INFOPLIST_KEY_UISupportedInterfaceOrientations_iPhone = "UIInterfaceOrientationPortrait UIInterfaceOrientationLandscapeLeft UIInterfaceOrientationLandscapeRight";
				IPHONEOS_DEPLOYMENT_TARGET = 15.6;
				LD_RUNPATH_SEARCH_PATHS = (
					"$(inherited)",
					"@executable_path/Frameworks",
				);
				MARKETING_VERSION = 1.0;
				PRODUCT_BUNDLE_IDENTIFIER = maxpnz.SpaceXProj;
				PRODUCT_NAME = "$(TARGET_NAME)";
				SUPPORTED_PLATFORMS = "iphoneos iphonesimulator";
				SUPPORTS_MACCATALYST = NO;
				SUPPORTS_MAC_DESIGNED_FOR_IPHONE_IPAD = NO;
				SUPPORTS_XR_DESIGNED_FOR_IPHONE_IPAD = NO;
				SWIFT_EMIT_LOC_STRINGS = YES;
				SWIFT_VERSION = 5.0;
				TARGETED_DEVICE_FAMILY = 1;
			};
			name = Release;
		};
		352AD4D32CE9D0240084D150 /* Debug */ = {
			isa = XCBuildConfiguration;
			buildSettings = {
				ALWAYS_SEARCH_USER_PATHS = NO;
				ASSETCATALOG_COMPILER_GENERATE_SWIFT_ASSET_SYMBOL_EXTENSIONS = YES;
				CLANG_ANALYZER_NONNULL = YES;
				CLANG_ANALYZER_NUMBER_OBJECT_CONVERSION = YES_AGGRESSIVE;
				CLANG_CXX_LANGUAGE_STANDARD = "gnu++20";
				CLANG_ENABLE_MODULES = YES;
				CLANG_ENABLE_OBJC_ARC = YES;
				CLANG_ENABLE_OBJC_WEAK = YES;
				CLANG_WARN_BLOCK_CAPTURE_AUTORELEASING = YES;
				CLANG_WARN_BOOL_CONVERSION = YES;
				CLANG_WARN_COMMA = YES;
				CLANG_WARN_CONSTANT_CONVERSION = YES;
				CLANG_WARN_DEPRECATED_OBJC_IMPLEMENTATIONS = YES;
				CLANG_WARN_DIRECT_OBJC_ISA_USAGE = YES_ERROR;
				CLANG_WARN_DOCUMENTATION_COMMENTS = YES;
				CLANG_WARN_EMPTY_BODY = YES;
				CLANG_WARN_ENUM_CONVERSION = YES;
				CLANG_WARN_INFINITE_RECURSION = YES;
				CLANG_WARN_INT_CONVERSION = YES;
				CLANG_WARN_NON_LITERAL_NULL_CONVERSION = YES;
				CLANG_WARN_OBJC_IMPLICIT_RETAIN_SELF = YES;
				CLANG_WARN_OBJC_LITERAL_CONVERSION = YES;
				CLANG_WARN_OBJC_ROOT_CLASS = YES_ERROR;
				CLANG_WARN_QUOTED_INCLUDE_IN_FRAMEWORK_HEADER = YES;
				CLANG_WARN_RANGE_LOOP_ANALYSIS = YES;
				CLANG_WARN_STRICT_PROTOTYPES = YES;
				CLANG_WARN_SUSPICIOUS_MOVE = YES;
				CLANG_WARN_UNGUARDED_AVAILABILITY = YES_AGGRESSIVE;
				CLANG_WARN_UNREACHABLE_CODE = YES;
				CLANG_WARN__DUPLICATE_METHOD_MATCH = YES;
				COPY_PHASE_STRIP = NO;
				DEBUG_INFORMATION_FORMAT = dwarf;
				ENABLE_STRICT_OBJC_MSGSEND = YES;
				ENABLE_TESTABILITY = YES;
				ENABLE_USER_SCRIPT_SANDBOXING = YES;
				GCC_C_LANGUAGE_STANDARD = gnu17;
				GCC_DYNAMIC_NO_PIC = NO;
				GCC_NO_COMMON_BLOCKS = YES;
				GCC_OPTIMIZATION_LEVEL = 0;
				GCC_PREPROCESSOR_DEFINITIONS = (
					"DEBUG=1",
					"$(inherited)",
				);
				GCC_WARN_64_TO_32_BIT_CONVERSION = YES;
				GCC_WARN_ABOUT_RETURN_TYPE = YES_ERROR;
				GCC_WARN_UNDECLARED_SELECTOR = YES;
				GCC_WARN_UNINITIALIZED_AUTOS = YES_AGGRESSIVE;
				GCC_WARN_UNUSED_FUNCTION = YES;
				GCC_WARN_UNUSED_VARIABLE = YES;
				IPHONEOS_DEPLOYMENT_TARGET = 18.0;
				LOCALIZATION_PREFERS_STRING_CATALOGS = YES;
				MTL_ENABLE_DEBUG_INFO = INCLUDE_SOURCE;
				MTL_FAST_MATH = YES;
				ONLY_ACTIVE_ARCH = YES;
				SDKROOT = iphoneos;
				SWIFT_ACTIVE_COMPILATION_CONDITIONS = "DEBUG $(inherited)";
				SWIFT_OPTIMIZATION_LEVEL = "-Onone";
			};
			name = Debug;
		};
		352AD4D42CE9D0240084D150 /* Release */ = {
			isa = XCBuildConfiguration;
			buildSettings = {
				ALWAYS_SEARCH_USER_PATHS = NO;
				ASSETCATALOG_COMPILER_GENERATE_SWIFT_ASSET_SYMBOL_EXTENSIONS = YES;
				CLANG_ANALYZER_NONNULL = YES;
				CLANG_ANALYZER_NUMBER_OBJECT_CONVERSION = YES_AGGRESSIVE;
				CLANG_CXX_LANGUAGE_STANDARD = "gnu++20";
				CLANG_ENABLE_MODULES = YES;
				CLANG_ENABLE_OBJC_ARC = YES;
				CLANG_ENABLE_OBJC_WEAK = YES;
				CLANG_WARN_BLOCK_CAPTURE_AUTORELEASING = YES;
				CLANG_WARN_BOOL_CONVERSION = YES;
				CLANG_WARN_COMMA = YES;
				CLANG_WARN_CONSTANT_CONVERSION = YES;
				CLANG_WARN_DEPRECATED_OBJC_IMPLEMENTATIONS = YES;
				CLANG_WARN_DIRECT_OBJC_ISA_USAGE = YES_ERROR;
				CLANG_WARN_DOCUMENTATION_COMMENTS = YES;
				CLANG_WARN_EMPTY_BODY = YES;
				CLANG_WARN_ENUM_CONVERSION = YES;
				CLANG_WARN_INFINITE_RECURSION = YES;
				CLANG_WARN_INT_CONVERSION = YES;
				CLANG_WARN_NON_LITERAL_NULL_CONVERSION = YES;
				CLANG_WARN_OBJC_IMPLICIT_RETAIN_SELF = YES;
				CLANG_WARN_OBJC_LITERAL_CONVERSION = YES;
				CLANG_WARN_OBJC_ROOT_CLASS = YES_ERROR;
				CLANG_WARN_QUOTED_INCLUDE_IN_FRAMEWORK_HEADER = YES;
				CLANG_WARN_RANGE_LOOP_ANALYSIS = YES;
				CLANG_WARN_STRICT_PROTOTYPES = YES;
				CLANG_WARN_SUSPICIOUS_MOVE = YES;
				CLANG_WARN_UNGUARDED_AVAILABILITY = YES_AGGRESSIVE;
				CLANG_WARN_UNREACHABLE_CODE = YES;
				CLANG_WARN__DUPLICATE_METHOD_MATCH = YES;
				COPY_PHASE_STRIP = NO;
				DEBUG_INFORMATION_FORMAT = "dwarf-with-dsym";
				ENABLE_NS_ASSERTIONS = NO;
				ENABLE_STRICT_OBJC_MSGSEND = YES;
				ENABLE_USER_SCRIPT_SANDBOXING = YES;
				GCC_C_LANGUAGE_STANDARD = gnu17;
				GCC_NO_COMMON_BLOCKS = YES;
				GCC_WARN_64_TO_32_BIT_CONVERSION = YES;
				GCC_WARN_ABOUT_RETURN_TYPE = YES_ERROR;
				GCC_WARN_UNDECLARED_SELECTOR = YES;
				GCC_WARN_UNINITIALIZED_AUTOS = YES_AGGRESSIVE;
				GCC_WARN_UNUSED_FUNCTION = YES;
				GCC_WARN_UNUSED_VARIABLE = YES;
				IPHONEOS_DEPLOYMENT_TARGET = 18.0;
				LOCALIZATION_PREFERS_STRING_CATALOGS = YES;
				MTL_ENABLE_DEBUG_INFO = NO;
				MTL_FAST_MATH = YES;
				SDKROOT = iphoneos;
				SWIFT_COMPILATION_MODE = wholemodule;
				VALIDATE_PRODUCT = YES;
			};
			name = Release;
		};
/* End XCBuildConfiguration section */

/* Begin XCConfigurationList section */
		352AD4B82CE9D0210084D150 /* Build configuration list for PBXProject "SpaceXProj" */ = {
			isa = XCConfigurationList;
			buildConfigurations = (
				352AD4D32CE9D0240084D150 /* Debug */,
				352AD4D42CE9D0240084D150 /* Release */,
			);
			defaultConfigurationIsVisible = 0;
			defaultConfigurationName = Release;
		};
		352AD4D02CE9D0240084D150 /* Build configuration list for PBXNativeTarget "SpaceXProj" */ = {
			isa = XCConfigurationList;
			buildConfigurations = (
				352AD4D12CE9D0240084D150 /* Debug */,
				352AD4D22CE9D0240084D150 /* Release */,
			);
			defaultConfigurationIsVisible = 0;
			defaultConfigurationName = Release;
		};
/* End XCConfigurationList section */

/* Begin XCRemoteSwiftPackageReference section */
		352C09CD2D384EF600F91D7D /* XCRemoteSwiftPackageReference "lottie-spm" */ = {
			isa = XCRemoteSwiftPackageReference;
			repositoryURL = "https://github.com/airbnb/lottie-spm.git";
			requirement = {
				kind = upToNextMajorVersion;
				minimumVersion = 4.5.1;
			};
		};
/* End XCRemoteSwiftPackageReference section */

/* Begin XCSwiftPackageProductDependency section */
		352C09CE2D384EF600F91D7D /* Lottie */ = {
			isa = XCSwiftPackageProductDependency;
			package = 352C09CD2D384EF600F91D7D /* XCRemoteSwiftPackageReference "lottie-spm" */;
			productName = Lottie;
		};
/* End XCSwiftPackageProductDependency section */
	};
	rootObject = 352AD4B52CE9D0210084D150 /* Project object */;
}
